
Microsoft Visual Studio Solution File, Format Version 12.00
# Visual Studio Version 17
VisualStudioVersion = 17.5.33516.290
MinimumVisualStudioVersion = 10.0.40219.1
Project("{FAE04EC0-301F-11D3-BF4B-00C04F79EFBC}") = "ReferenceDemo", "ReferenceDemo.csproj", "{DE49D9FC-A8F5-4A0E-8DB5-34973AAF54C6}"
EndProject
Project("{FAE04EC0-301F-11D3-BF4B-00C04F79EFBC}") = "ExternalProject", "..\ExternalProject\ExternalProject.csproj", "{99D1B347-B84E-4AA8-BBF5-0ED86F00D423}"
EndProject
Project("{FAE04EC0-301F-11D3-BF4B-00C04F79EFBC}") = "classLibrary", "..\classLibrary\classLibrary.csproj", "{894CA386-EF78-4F8B-A242-9D9F0143B986}"
EndProject
Global
	GlobalSection(SolutionConfigurationPlatforms) = preSolution
		Debug|Any CPU = Debug|Any CPU
		Release|Any CPU = Release|Any CPU
	EndGlobalSection
	GlobalSection(ProjectConfigurationPlatforms) = postSolution
		{DE49D9FC-A8F5-4A0E-8DB5-34973AAF54C6}.Debug|Any CPU.ActiveCfg = Debug|Any CPU
		{DE49D9FC-A8F5-4A0E-8DB5-34973AAF54C6}.Debug|Any CPU.Build.0 = Debug|Any CPU
		{DE49D9FC-A8F5-4A0E-8DB5-34973AAF54C6}.Release|Any CPU.ActiveCfg = Release|Any CPU
		{DE49D9FC-A8F5-4A0E-8DB5-34973AAF54C6}.Release|Any CPU.Build.0 = Release|Any CPU
		{99D1B347-B84E-4AA8-BBF5-0ED86F00D423}.Debug|Any CPU.ActiveCfg = Debug|Any CPU
		{99D1B347-B84E-4AA8-BBF5-0ED86F00D423}.Debug|Any CPU.Build.0 = Debug|Any CPU
		{99D1B347-B84E-4AA8-BBF5-0ED86F00D423}.Release|Any CPU.ActiveCfg = Release|Any CPU
		{99D1B347-B84E-4AA8-BBF5-0ED86F00D423}.Release|Any CPU.Build.0 = Release|Any CPU
		{894CA386-EF78-4F8B-A242-9D9F0143B986}.Debug|Any CPU.ActiveCfg = Debug|Any CPU
		{894CA386-EF78-4F8B-A242-9D9F0143B986}.Debug|Any CPU.Build.0 = Debug|Any CPU
		{894CA386-EF78-4F8B-A242-9D9F0143B986}.Release|Any CPU.ActiveCfg = Release|Any CPU
		{894CA386-EF78-4F8B-A242-9D9F0143B986}.Release|Any CPU.Build.0 = Release|Any CPU
	EndGlobalSection
	GlobalSection(SolutionProperties) = preSolution
		HideSolutionNode = FALSE
	EndGlobalSection
	GlobalSection(ExtensibilityGlobals) = postSolution
		SolutionGuid = {926F6F06-1B84-4F62-816D-2392E9C43DCD}
	EndGlobalSection
EndGlobal
