
Microsoft Visual Studio Solution File, Format Version 12.00
# Visual Studio Version 17
VisualStudioVersion = 17.5.33516.290
MinimumVisualStudioVersion = 10.0.40219.1
Project("{FAE04EC0-301F-11D3-BF4B-00C04F79EFBC}") = "Collections", "Collections\Collections.csproj", "{35E4C1FB-C729-4719-8BF4-6A61DC745D34}"
EndProject
Global
	GlobalSection(SolutionConfigurationPlatforms) = preSolution
		Debug|Any CPU = Debug|Any CPU
		Release|Any CPU = Release|Any CPU
	EndGlobalSection
	GlobalSection(ProjectConfigurationPlatforms) = postSolution
		{35E4C1FB-C729-4719-8BF4-6A61DC745D34}.Debug|Any CPU.ActiveCfg = Debug|Any CPU
		{35E4C1FB-C729-4719-8BF4-6A61DC745D34}.Debug|Any CPU.Build.0 = Debug|Any CPU
		{35E4C1FB-C729-4719-8BF4-6A61DC745D34}.Release|Any CPU.ActiveCfg = Release|Any CPU
		{35E4C1FB-C729-4719-8BF4-6A61DC745D34}.Release|Any CPU.Build.0 = Release|Any CPU
	EndGlobalSection
	GlobalSection(SolutionProperties) = preSolution
		HideSolutionNode = FALSE
	EndGlobalSection
	GlobalSection(ExtensibilityGlobals) = postSolution
		SolutionGuid = {8BC068F3-5CE3-4C8F-A81A-0E80EBF7FB8B}
	EndGlobalSection
EndGlobal
