
Microsoft Visual Studio Solution File, Format Version 12.00
# Visual Studio Version 17
VisualStudioVersion = 17.5.33516.290
MinimumVisualStudioVersion = 10.0.40219.1
Project("{FAE04EC0-301F-11D3-BF4B-00C04F79EFBC}") = "Filter", "Filter.csproj", "{A49D959B-34DE-4AB5-A011-F974A2AF04E0}"
EndProject
Global
	GlobalSection(SolutionConfigurationPlatforms) = preSolution
		Debug|Any CPU = Debug|Any CPU
		Release|Any CPU = Release|Any CPU
	EndGlobalSection
	GlobalSection(ProjectConfigurationPlatforms) = postSolution
		{A49D959B-34DE-4AB5-A011-F974A2AF04E0}.Debug|Any CPU.ActiveCfg = Debug|Any CPU
		{A49D959B-34DE-4AB5-A011-F974A2AF04E0}.Debug|Any CPU.Build.0 = Debug|Any CPU
		{A49D959B-34DE-4AB5-A011-F974A2AF04E0}.Release|Any CPU.ActiveCfg = Release|Any CPU
		{A49D959B-34DE-4AB5-A011-F974A2AF04E0}.Release|Any CPU.Build.0 = Release|Any CPU
	EndGlobalSection
	GlobalSection(SolutionProperties) = preSolution
		HideSolutionNode = FALSE
	EndGlobalSection
	GlobalSection(ExtensibilityGlobals) = postSolution
		SolutionGuid = {E4D38F4C-169D-4F47-8350-4CE4E411F9E4}
	EndGlobalSection
EndGlobal
