
Microsoft Visual Studio Solution File, Format Version 12.00
# Visual Studio Version 17
VisualStudioVersion = 17.5.33516.290
MinimumVisualStudioVersion = 10.0.40219.1
Project("{FAE04EC0-301F-11D3-BF4B-00C04F79EFBC}") = "ORM Tools", "ORM Tools.csproj", "{4030C87A-7E4D-4D24-9481-4B3278D71E10}"
EndProject
Global
	GlobalSection(SolutionConfigurationPlatforms) = preSolution
		Debug|Any CPU = Debug|Any CPU
		Release|Any CPU = Release|Any CPU
	EndGlobalSection
	GlobalSection(ProjectConfigurationPlatforms) = postSolution
		{4030C87A-7E4D-4D24-9481-4B3278D71E10}.Debug|Any CPU.ActiveCfg = Debug|Any CPU
		{4030C87A-7E4D-4D24-9481-4B3278D71E10}.Debug|Any CPU.Build.0 = Debug|Any CPU
		{4030C87A-7E4D-4D24-9481-4B3278D71E10}.Release|Any CPU.ActiveCfg = Release|Any CPU
		{4030C87A-7E4D-4D24-9481-4B3278D71E10}.Release|Any CPU.Build.0 = Release|Any CPU
	EndGlobalSection
	GlobalSection(SolutionProperties) = preSolution
		HideSolutionNode = FALSE
	EndGlobalSection
	GlobalSection(ExtensibilityGlobals) = postSolution
		SolutionGuid = {7EECBFE2-0AFB-4A2E-B93E-3164A6195C3B}
	EndGlobalSection
EndGlobal
