
Microsoft Visual Studio Solution File, Format Version 12.00
# Visual Studio Version 17
VisualStudioVersion = 17.5.33516.290
MinimumVisualStudioVersion = 10.0.40219.1
Project("{FAE04EC0-301F-11D3-BF4B-00C04F79EFBC}") = "ExceptionHandling", "ExceptionHandling\ExceptionHandling.csproj", "{32BF6891-92CF-49BD-B3C8-EA20B6267A32}"
EndProject
Global
	GlobalSection(SolutionConfigurationPlatforms) = preSolution
		Debug|Any CPU = Debug|Any CPU
		Release|Any CPU = Release|Any CPU
	EndGlobalSection
	GlobalSection(ProjectConfigurationPlatforms) = postSolution
		{32BF6891-92CF-49BD-B3C8-EA20B6267A32}.Debug|Any CPU.ActiveCfg = Debug|Any CPU
		{32BF6891-92CF-49BD-B3C8-EA20B6267A32}.Debug|Any CPU.Build.0 = Debug|Any CPU
		{32BF6891-92CF-49BD-B3C8-EA20B6267A32}.Release|Any CPU.ActiveCfg = Release|Any CPU
		{32BF6891-92CF-49BD-B3C8-EA20B6267A32}.Release|Any CPU.Build.0 = Release|Any CPU
	EndGlobalSection
	GlobalSection(SolutionProperties) = preSolution
		HideSolutionNode = FALSE
	EndGlobalSection
	GlobalSection(ExtensibilityGlobals) = postSolution
		SolutionGuid = {937C2938-1EA9-41C0-AC82-4AA993E335F7}
	EndGlobalSection
EndGlobal
