
Microsoft Visual Studio Solution File, Format Version 12.00
# Visual Studio Version 17
VisualStudioVersion = 17.5.33516.290
MinimumVisualStudioVersion = 10.0.40219.1
Project("{FAE04EC0-301F-11D3-BF4B-00C04F79EFBC}") = "WebApplication", "WebApplication.csproj", "{F474F5DD-1AA9-4AAA-8EFA-107F9283BE8E}"
EndProject
Global
	GlobalSection(SolutionConfigurationPlatforms) = preSolution
		Debug|Any CPU = Debug|Any CPU
		Release|Any CPU = Release|Any CPU
	EndGlobalSection
	GlobalSection(ProjectConfigurationPlatforms) = postSolution
		{F474F5DD-1AA9-4AAA-8EFA-107F9283BE8E}.Debug|Any CPU.ActiveCfg = Debug|Any CPU
		{F474F5DD-1AA9-4AAA-8EFA-107F9283BE8E}.Debug|Any CPU.Build.0 = Debug|Any CPU
		{F474F5DD-1AA9-4AAA-8EFA-107F9283BE8E}.Release|Any CPU.ActiveCfg = Release|Any CPU
		{F474F5DD-1AA9-4AAA-8EFA-107F9283BE8E}.Release|Any CPU.Build.0 = Release|Any CPU
	EndGlobalSection
	GlobalSection(SolutionProperties) = preSolution
		HideSolutionNode = FALSE
	EndGlobalSection
	GlobalSection(ExtensibilityGlobals) = postSolution
		SolutionGuid = {CD735225-6432-4A95-A343-691F3B1FDC67}
	EndGlobalSection
EndGlobal
