
Microsoft Visual Studio Solution File, Format Version 12.00
# Visual Studio Version 17
VisualStudioVersion = 17.5.33516.290
MinimumVisualStudioVersion = 10.0.40219.1
Project("{FAE04EC0-301F-11D3-BF4B-00C04F79EFBC}") = "Middleware", "Middleware.csproj", "{4F88BE41-295E-465F-9A3B-F24FED9F31A3}"
EndProject
Global
	GlobalSection(SolutionConfigurationPlatforms) = preSolution
		Debug|Any CPU = Debug|Any CPU
		Release|Any CPU = Release|Any CPU
	EndGlobalSection
	GlobalSection(ProjectConfigurationPlatforms) = postSolution
		{4F88BE41-295E-465F-9A3B-F24FED9F31A3}.Debug|Any CPU.ActiveCfg = Debug|Any CPU
		{4F88BE41-295E-465F-9A3B-F24FED9F31A3}.Debug|Any CPU.Build.0 = Debug|Any CPU
		{4F88BE41-295E-465F-9A3B-F24FED9F31A3}.Release|Any CPU.ActiveCfg = Release|Any CPU
		{4F88BE41-295E-465F-9A3B-F24FED9F31A3}.Release|Any CPU.Build.0 = Release|Any CPU
	EndGlobalSection
	GlobalSection(SolutionProperties) = preSolution
		HideSolutionNode = FALSE
	EndGlobalSection
	GlobalSection(ExtensibilityGlobals) = postSolution
		SolutionGuid = {5F6D536D-C34E-4ED5-AEF6-74E1FB4006EB}
	EndGlobalSection
EndGlobal
