
Microsoft Visual Studio Solution File, Format Version 12.00
# Visual Studio Version 17
VisualStudioVersion = 17.5.33516.290
MinimumVisualStudioVersion = 10.0.40219.1
Project("{9A19103F-16F7-4668-BE54-9A1E7A4F7556}") = "Basic.NetCore", "Basic.NetCore.csproj", "{9A985183-FC26-4163-9B78-480AF8826009}"
EndProject
Project("{2150E333-8FDC-42A3-9474-1A3956D46DE8}") = "Models", "Models", "{28751F27-4800-4BF3-B587-B68C2013D14A}"
	ProjectSection(SolutionItems) = preProject
		AboutModel.cs = AboutModel.cs
	EndProjectSection
EndProject
Global
	GlobalSection(SolutionConfigurationPlatforms) = preSolution
		Debug|Any CPU = Debug|Any CPU
		Release|Any CPU = Release|Any CPU
	EndGlobalSection
	GlobalSection(ProjectConfigurationPlatforms) = postSolution
		{9A985183-FC26-4163-9B78-480AF8826009}.Debug|Any CPU.ActiveCfg = Debug|Any CPU
		{9A985183-FC26-4163-9B78-480AF8826009}.Debug|Any CPU.Build.0 = Debug|Any CPU
		{9A985183-FC26-4163-9B78-480AF8826009}.Release|Any CPU.ActiveCfg = Release|Any CPU
		{9A985183-FC26-4163-9B78-480AF8826009}.Release|Any CPU.Build.0 = Release|Any CPU
	EndGlobalSection
	GlobalSection(SolutionProperties) = preSolution
		HideSolutionNode = FALSE
	EndGlobalSection
	GlobalSection(ExtensibilityGlobals) = postSolution
		SolutionGuid = {3864BC73-AA61-4FEF-987C-05E04EE6731B}
	EndGlobalSection
EndGlobal
